PODS:
  - FMDB (2.7.5):
    - FMDB/standard (= 2.7.5)
  - FMDB/standard (2.7.5)

DEPENDENCIES:
  - FMDB

SPEC REPOS:
  https://cdn.cocoapods.org/:
    - FMDB

SPEC CHECKSUMS:
  FMDB: 2ce00b547f966261cd18927a3ddb07cb6f3db82a

PODFILE CHECKSUM: 8a15584d747996a5f8eabecefcd01cd4e4ce9f89

COCOAPODS: 1.9.3
